
Microsoft Visual Studio Solution File, Format Version 12.00
# Visual Studio Version 16
VisualStudioVersion = 16.0.30309.148
MinimumVisualStudioVersion = 10.0.40219.1
Project("{FAE04EC0-301F-11D3-BF4B-00C04F79EFBC}") = "GitPojekt", "GitPojekt\GitPojekt.csproj", "{0AD4D09A-3DAC-48AD-B9A2-B72995B8A0F0}"
EndProject
Global
	GlobalSection(SolutionConfigurationPlatforms) = preSolution
		Debug|Any CPU = Debug|Any CPU
		Release|Any CPU = Release|Any CPU
	EndGlobalSection
	GlobalSection(ProjectConfigurationPlatforms) = postSolution
		{0AD4D09A-3DAC-48AD-B9A2-B72995B8A0F0}.Debug|Any CPU.ActiveCfg = Debug|Any CPU
		{0AD4D09A-3DAC-48AD-B9A2-B72995B8A0F0}.Debug|Any CPU.Build.0 = Debug|Any CPU
		{0AD4D09A-3DAC-48AD-B9A2-B72995B8A0F0}.Release|Any CPU.ActiveCfg = Release|Any CPU
		{0AD4D09A-3DAC-48AD-B9A2-B72995B8A0F0}.Release|Any CPU.Build.0 = Release|Any CPU
	EndGlobalSection
	GlobalSection(SolutionProperties) = preSolution
		HideSolutionNode = FALSE
	EndGlobalSection
	GlobalSection(ExtensibilityGlobals) = postSolution
		SolutionGuid = {A12B862C-45CA-4972-8157-175C0E5670A0}
	EndGlobalSection
EndGlobal
